
Microsoft Visual Studio Solution File, Format Version 12.00
# Visual Studio Version 17
VisualStudioVersion = 17.14.37216.2 d17.14
MinimumVisualStudioVersion = 10.0.40219.1
Project("{FAE04EC0-301F-11D3-BF4B-00C04F79EFBC}") = "monitoring_wpf", "monitoring_wpf\monitoring_wpf.csproj", "{ECB3FC9D-16FF-4AA2-BFD4-C6861957D2C4}"
EndProject
Global
	GlobalSection(SolutionConfigurationPlatforms) = preSolution
		Debug|Any CPU = Debug|Any CPU
		Release|Any CPU = Release|Any CPU
	EndGlobalSection
	GlobalSection(ProjectConfigurationPlatforms) = postSolution
		{ECB3FC9D-16FF-4AA2-BFD4-C6861957D2C4}.Debug|Any CPU.ActiveCfg = Debug|Any CPU
		{ECB3FC9D-16FF-4AA2-BFD4-C6861957D2C4}.Debug|Any CPU.Build.0 = Debug|Any CPU
		{ECB3FC9D-16FF-4AA2-BFD4-C6861957D2C4}.Release|Any CPU.ActiveCfg = Release|Any CPU
		{ECB3FC9D-16FF-4AA2-BFD4-C6861957D2C4}.Release|Any CPU.Build.0 = Release|Any CPU
	EndGlobalSection
	GlobalSection(SolutionProperties) = preSolution
		HideSolutionNode = FALSE
	EndGlobalSection
	GlobalSection(ExtensibilityGlobals) = postSolution
		SolutionGuid = {0EDBF998-1CE5-4BC2-89CD-0127139BF24D}
	EndGlobalSection
EndGlobal
